Microsoft Visual Studio Solution File, Format Version 11.00
# Visual Studio 2010
Project("{8BC9CEB8-8B4A-11D0-8D11-00A0C91BC942}") = "epoll", "epoll.vcxproj", "{2CF47921-4CCE-ADEA-4A82-BC6521983261}"
EndProject
Project("{8BC9CEB8-8B4A-11D0-8D11-00A0C91BC942}") = "test", "test.vcxproj", "{58F32AFA-FCBB-2A4D-DCB4-242324A2FAC4}"
	ProjectSection(ProjectDependencies) = postProject
		{2CF47921-4CCE-ADEA-4A82-BC6521983261} = {2CF47921-4CCE-ADEA-4A82-BC6521983261}
	EndProjectSection
EndProject
Global
	GlobalSection(SolutionConfigurationPlatforms) = preSolution
		Debug|Win32 = Debug|Win32
		Release|Win32 = Release|Win32
	EndGlobalSection
	GlobalSection(ProjectConfigurationPlatforms) = postSolution
		{2CF47921-4CCE-ADEA-4A82-BC6521983261}.Debug|Win32.ActiveCfg = Debug|Win32
		{2CF47921-4CCE-ADEA-4A82-BC6521983261}.Debug|Win32.Build.0 = Debug|Win32
		{2CF47921-4CCE-ADEA-4A82-BC6521983261}.Release|Win32.ActiveCfg = Release|Win32
		{2CF47921-4CCE-ADEA-4A82-BC6521983261}.Release|Win32.Build.0 = Release|Win32
		{58F32AFA-FCBB-2A4D-DCB4-242324A2FAC4}.Debug|Win32.ActiveCfg = Debug|Win32
		{58F32AFA-FCBB-2A4D-DCB4-242324A2FAC4}.Debug|Win32.Build.0 = Debug|Win32
		{58F32AFA-FCBB-2A4D-DCB4-242324A2FAC4}.Release|Win32.ActiveCfg = Release|Win32
		{58F32AFA-FCBB-2A4D-DCB4-242324A2FAC4}.Release|Win32.Build.0 = Release|Win32
	EndGlobalSection
	GlobalSection(SolutionProperties) = preSolution
		HideSolutionNode = FALSE
	EndGlobalSection
	GlobalSection(NestedProjects) = preSolution
	EndGlobalSection
EndGlobal
